<?xml version="1.0" encoding="utf-8"?>
<Project ToolsVersion="4.0" xmlns="http://schemas.microsoft.com/developer/msbuild/2003">
  <ItemGroup>
    <Filter Include="Source Files">
      <UniqueIdentifier>{4FC737F1-C7A5-4376-A066-2A32D752A2FF}</UniqueIdentifier>
      <Extensions>cpp;c;cc;cxx;def;odl;idl;hpj;bat;asm;asmx</Extensions>
    </Filter>
    <Filter Include="Header Files">
      <UniqueIdentifier>{93995380-89BD-4b04-88EB-625FBE52EBFB}</UniqueIdentifier>
      <Extensions>h;hh;hpp;hxx;hm;inl;inc;xsd</Extensions>
    </Filter>
    <Filter Include="Resource Files">
      <UniqueIdentifier>{67DA6AB6-F800-4c08-8B7A-83BB121AAD01}</UniqueIdentifier>
      <Extensions>rc;ico;cur;bmp;dlg;rc2;rct;bin;rgs;gif;jpg;jpeg;jpe;resx;tiff;tif;png;wav;mfcribbon-ms</Extensions>
    </Filter>
  </ItemGroup>
  <ItemGroup>
    <Text Include="ReadMe.txt" />
    <Text Include="ToDo.txt" />
    <Text Include="KB.txt" />
  </ItemGroup>
  <ItemGroup>
    <ClInclude Include="Git_05.h">
      <Filter>Header Files</Filter>
    </ClInclude>
    <ClInclude Include="stdafx.h">
      <Filter>Header Files</Filter>
    </ClInclude>
    <ClInclude Include="MainFrm.h">
      <Filter>Header Files</Filter>
    </ClInclude>
    <ClInclude Include="Git_05Doc.h">
      <Filter>Header Files</Filter>
    </ClInclude>
    <ClInclude Include="Git_05View.h">
      <Filter>Header Files</Filter>
    </ClInclude>
    <ClInclude Include="Resource.h">
      <Filter>Header Files</Filter>
    </ClInclude>
    <ClInclude Include="WorkSpaceBar.h">
      <Filter>Header Files</Filter>
    </ClInclude>
    <ClInclude Include="WorkSpaceBar2.h">
      <Filter>Header Files</Filter>
    </ClInclude>
    <ClInclude Include="OutputBar.h">
      <Filter>Header Files</Filter>
    </ClInclude>
    <ClInclude Include="PropertiesViewBar.h">
      <Filter>Header Files</Filter>
    </ClInclude>
    <ClInclude Include="BackStagePageInfo.h">
      <Filter>Header Files</Filter>
    </ClInclude>
    <ClInclude Include="EmailValidator.hpp">
      <Filter>Header Files</Filter>
    </ClInclude>
    <ClInclude Include="CStringUtilities.h">
      <Filter>Header Files</Filter>
    </ClInclude>
    <ClInclude Include="HTTPS_GIT_Client.h">
      <Filter>Header Files</Filter>
    </ClInclude>
    <ClInclude Include="Git_Repository.hpp">
      <Filter>Header Files</Filter>
    </ClInclude>
    <ClInclude Include="Git_Repository_Attributes.hpp">
      <Filter>Header Files</Filter>
    </ClInclude>
    <ClInclude Include="Git_User_Attributes.hpp">
      <Filter>Header Files</Filter>
    </ClInclude>
    <ClInclude Include="Git_User.hpp">
      <Filter>Header Files</Filter>
    </ClInclude>
    <ClInclude Include="Git_Object.hpp">
      <Filter>Header Files</Filter>
    </ClInclude>
  </ItemGroup>
  <ItemGroup>
    <ClCompile Include="Git_05.cpp">
      <Filter>Source Files</Filter>
    </ClCompile>
    <ClCompile Include="stdafx.cpp">
      <Filter>Source Files</Filter>
    </ClCompile>
    <ClCompile Include="MainFrm.cpp">
      <Filter>Source Files</Filter>
    </ClCompile>
    <ClCompile Include="Git_05Doc.cpp">
      <Filter>Source Files</Filter>
    </ClCompile>
    <ClCompile Include="Git_05View.cpp">
      <Filter>Source Files</Filter>
    </ClCompile>
    <ClCompile Include="WorkSpaceBar.cpp">
      <Filter>Source Files</Filter>
    </ClCompile>
    <ClCompile Include="WorkSpaceBar2.cpp">
      <Filter>Source Files</Filter>
    </ClCompile>
    <ClCompile Include="OutputBar.cpp">
      <Filter>Source Files</Filter>
    </ClCompile>
    <ClCompile Include="PropertiesViewBar.cpp">
      <Filter>Source Files</Filter>
    </ClCompile>
    <ClCompile Include="BackStagePageInfo.cpp">
      <Filter>Source Files</Filter>
    </ClCompile>
    <ClCompile Include="EmailValidator.cpp">
      <Filter>Source Files</Filter>
    </ClCompile>
    <ClCompile Include="HTTPS_GIT_Client.cpp">
      <Filter>Source Files</Filter>
    </ClCompile>
    <ClCompile Include="Git_Repository.cpp">
      <Filter>Source Files</Filter>
    </ClCompile>
    <ClCompile Include="Git_Repository_Attributes.cpp">
      <Filter>Source Files</Filter>
    </ClCompile>
    <ClCompile Include="Git_User_Attributes.cpp">
      <Filter>Source Files</Filter>
    </ClCompile>
    <ClCompile Include="Git_User.cpp">
      <Filter>Source Files</Filter>
    </ClCompile>
    <ClCompile Include="Git_Object.cpp">
      <Filter>Source Files</Filter>
    </ClCompile>
  </ItemGroup>
  <ItemGroup>
    <None Include="Git_05.reg" />
    <None Include="res\Git_05.rc2">
      <Filter>Resource Files</Filter>
    </None>
    <None Include="res\BCGSoft_ribbon\Git_05.ribbon.rc2">
      <Filter>Resource Files</Filter>
    </None>
    <None Include="res\ribbon1.mfcribbon-ms">
      <Filter>Resource Files</Filter>
    </None>
    <None Include="res\ribbon2.mfcribbon-ms">
      <Filter>Resource Files</Filter>
    </None>
  </ItemGroup>
  <ItemGroup>
    <ResourceCompile Include="Git_05.rc">
      <Filter>Resource Files</Filter>
    </ResourceCompile>
  </ItemGroup>
  <ItemGroup>
    <Image Include="res\Workspace.png">
      <Filter>Resource Files</Filter>
    </Image>
    <Image Include="res\Git_05Doc.ico">
      <Filter>Resource Files</Filter>
    </Image>
    <Image Include="res\Git_05.ico">
      <Filter>Resource Files</Filter>
    </Image>
    <Image Include="res\BCGSoft_ribbon\main.png">
      <Filter>Resource Files</Filter>
    </Image>
    <Image Include="res\BCGSoft_ribbon\category_backstage_small.png">
      <Filter>Resource Files</Filter>
    </Image>
    <Image Include="res\BCGSoft_ribbon\category_small_0.png">
      <Filter>Resource Files</Filter>
    </Image>
    <Image Include="res\BCGSoft_ribbon\category_large_0.png">
      <Filter>Resource Files</Filter>
    </Image>
    <Image Include="res\BCGSoft_ribbon\ribbon_bar.png">
      <Filter>Resource Files</Filter>
    </Image>
    <Image Include="res\ribbonfilelarge.png">
      <Filter>Resource Files</Filter>
    </Image>
    <Image Include="res\Toolbar.bmp">
      <Filter>Resource Files</Filter>
    </Image>
  </ItemGroup>
  <ItemGroup>
    <Xml Include="res\BCGSoft_ribbon\ribbon.xml" />
    <Xml Include="res\BCGSoft_ribbon\TODO.xml">
      <Filter>Resource Files</Filter>
    </Xml>
    <Xml Include="res\ribbon.xml" />
  </ItemGroup>
</Project>