<?xml version="1.0" encoding="utf-8"?>
<Project ToolsVersion="4.0" xmlns="http://schemas.microsoft.com/developer/msbuild/2003">
  <ItemGroup>
    <ClCompile Include="BackStagePageInfo.cpp">
      <Filter>BCG\cpp</Filter>
    </ClCompile>
    <ClCompile Include="OutputBar.cpp">
      <Filter>BCG\cpp</Filter>
    </ClCompile>
    <ClCompile Include="PropertiesViewBar.cpp">
      <Filter>BCG\cpp</Filter>
    </ClCompile>
    <ClCompile Include="Git_05.cpp">
      <Filter>MFC\cpp</Filter>
    </ClCompile>
    <ClCompile Include="Git_05Doc.cpp">
      <Filter>MFC\cpp</Filter>
    </ClCompile>
    <ClCompile Include="Git_05View.cpp">
      <Filter>MFC\cpp</Filter>
    </ClCompile>
    <ClCompile Include="MainFrm.cpp">
      <Filter>MFC\cpp</Filter>
    </ClCompile>
    <ClCompile Include="stdafx.cpp">
      <Filter>MFC\cpp</Filter>
    </ClCompile>
    <ClCompile Include="HTTPS_GIT_Client.cpp">
      <Filter>Git_05\cpp</Filter>
    </ClCompile>
    <ClCompile Include="EmailValidator.cpp">
      <Filter>Git_05\cpp</Filter>
    </ClCompile>
    <ClCompile Include="Git_Object.cpp">
      <Filter>Git_05\cpp</Filter>
    </ClCompile>
    <ClCompile Include="Git_Repository.cpp">
      <Filter>Git_05\cpp</Filter>
    </ClCompile>
    <ClCompile Include="Git_Repository_Attributes.cpp">
      <Filter>Git_05\cpp</Filter>
    </ClCompile>
    <ClCompile Include="Git_User.cpp">
      <Filter>Git_05\cpp</Filter>
    </ClCompile>
    <ClCompile Include="Git_User_Attributes.cpp">
      <Filter>Git_05\cpp</Filter>
    </ClCompile>
    <ClCompile Include="Direct2Handler.cpp">
      <Filter>Git_05\cpp</Filter>
    </ClCompile>
    <ClCompile Include="Direct2DUtility.cpp">
      <Filter>Git_05\cpp</Filter>
    </ClCompile>
    <ClCompile Include="Direct2DRenderer.cpp">
      <Filter>Git_05\cpp</Filter>
    </ClCompile>
    <ClCompile Include="WorkSpaceBar3.cpp">
      <Filter>BCG\cpp</Filter>
    </ClCompile>
    <ClCompile Include="WorkSpaceBar4.cpp">
      <Filter>BCG\cpp</Filter>
    </ClCompile>
    <ClCompile Include="DemoListView.cpp">
      <Filter>Git_05\cpp</Filter>
    </ClCompile>
    <ClCompile Include="GIT_Branch.cpp">
      <Filter>Git_05\cpp</Filter>
    </ClCompile>
    <ClCompile Include="GIT_Commit.cpp">
      <Filter>Git_05\cpp</Filter>
    </ClCompile>
    <ClCompile Include="GIT_Tree.cpp">
      <Filter>Git_05\cpp</Filter>
    </ClCompile>
    <ClCompile Include="User_Credentials.cpp">
      <Filter>Git_05\cpp</Filter>
    </ClCompile>
    <ClCompile Include="GIT_Commit_Local.cpp">
      <Filter>Git_05\cpp</Filter>
    </ClCompile>
    <ClCompile Include="GIT_Engine.cpp">
      <Filter>Git_05\cpp</Filter>
    </ClCompile>
    <ClCompile Include="Git_05_ListCtr.cpp" />
  </ItemGroup>
  <ItemGroup>
    <ClInclude Include="BackStagePageInfo.h">
      <Filter>BCG\hpp</Filter>
    </ClInclude>
    <ClInclude Include="OutputBar.h">
      <Filter>BCG\hpp</Filter>
    </ClInclude>
    <ClInclude Include="PropertiesViewBar.h">
      <Filter>BCG\hpp</Filter>
    </ClInclude>
    <ClInclude Include="Git_05.h">
      <Filter>MFC\hpp</Filter>
    </ClInclude>
    <ClInclude Include="Git_05Doc.h">
      <Filter>MFC\hpp</Filter>
    </ClInclude>
    <ClInclude Include="Git_05View.h">
      <Filter>MFC\hpp</Filter>
    </ClInclude>
    <ClInclude Include="MainFrm.h">
      <Filter>MFC\hpp</Filter>
    </ClInclude>
    <ClInclude Include="Resource.h">
      <Filter>MFC\hpp</Filter>
    </ClInclude>
    <ClInclude Include="stdafx.h">
      <Filter>MFC\hpp</Filter>
    </ClInclude>
    <ClInclude Include="CStringUtilities.h">
      <Filter>Git_05\hpp</Filter>
    </ClInclude>
    <ClInclude Include="Git_Object.hpp">
      <Filter>Git_05\hpp</Filter>
    </ClInclude>
    <ClInclude Include="Git_Repository.hpp">
      <Filter>Git_05\hpp</Filter>
    </ClInclude>
    <ClInclude Include="Git_Repository_Attributes.hpp">
      <Filter>Git_05\hpp</Filter>
    </ClInclude>
    <ClInclude Include="Git_User.hpp">
      <Filter>Git_05\hpp</Filter>
    </ClInclude>
    <ClInclude Include="Git_User_Attributes.hpp">
      <Filter>Git_05\hpp</Filter>
    </ClInclude>
    <ClInclude Include="HTTPS_GIT_Client.h">
      <Filter>Git_05\hpp</Filter>
    </ClInclude>
    <ClInclude Include="EmailValidator.hpp">
      <Filter>Git_05\hpp</Filter>
    </ClInclude>
    <ClInclude Include="Git_05_Utils.h">
      <Filter>Git_05\hpp</Filter>
    </ClInclude>
    <ClInclude Include="Direct2Handler.hpp">
      <Filter>Git_05\hpp</Filter>
    </ClInclude>
    <ClInclude Include="ComPtr.hpp">
      <Filter>Git_05\hpp</Filter>
    </ClInclude>
    <ClInclude Include="Direct2DUtility.hpp">
      <Filter>Git_05\hpp</Filter>
    </ClInclude>
    <ClInclude Include="ComHelpers.hpp">
      <Filter>Git_05\hpp</Filter>
    </ClInclude>
    <ClInclude Include="Direct2DRenderer.hpp">
      <Filter>Git_05\hpp</Filter>
    </ClInclude>
    <ClInclude Include="WorkSpaceBar3.h">
      <Filter>BCG\hpp</Filter>
    </ClInclude>
    <ClInclude Include="WorkSpaceBar4.h">
      <Filter>BCG\hpp</Filter>
    </ClInclude>
    <ClInclude Include="DemoListView.hpp">
      <Filter>Git_05\hpp</Filter>
    </ClInclude>
    <ClInclude Include="User_Credentials.hpp">
      <Filter>Git_05\hpp</Filter>
    </ClInclude>
    <ClInclude Include="GIT_Tree.hpp">
      <Filter>Git_05\hpp</Filter>
    </ClInclude>
    <ClInclude Include="GIT_Commit.hpp">
      <Filter>Git_05\hpp</Filter>
    </ClInclude>
    <ClInclude Include="GIT_Branch.hpp">
      <Filter>Git_05\hpp</Filter>
    </ClInclude>
    <ClInclude Include="GIT_Engine.hpp">
      <Filter>Git_05\hpp</Filter>
    </ClInclude>
    <ClInclude Include="GIT_Commit_Local.hpp">
      <Filter>Git_05\hpp</Filter>
    </ClInclude>
    <ClInclude Include="Git_05_ListCtr.hpp" />
  </ItemGroup>
  <ItemGroup>
    <Xml Include="res\BCGSoft_ribbon\ribbon.xml">
      <Filter>BCG\miscelleneaus</Filter>
    </Xml>
    <Xml Include="res\ribbon.xml">
      <Filter>BCG\miscelleneaus</Filter>
    </Xml>
    <Xml Include="res\BCGSoft_ribbon\TODO.xml">
      <Filter>BCG\miscelleneaus</Filter>
    </Xml>
  </ItemGroup>
  <ItemGroup>
    <Image Include="res\BCGSoft_ribbon\category_backstage_small.png">
      <Filter>BCG\miscelleneaus</Filter>
    </Image>
    <Image Include="res\BCGSoft_ribbon\category_large_0.png">
      <Filter>BCG\miscelleneaus</Filter>
    </Image>
    <Image Include="res\BCGSoft_ribbon\category_small_0.png">
      <Filter>BCG\miscelleneaus</Filter>
    </Image>
    <Image Include="res\BCGSoft_ribbon\ribbon_bar.png">
      <Filter>BCG\miscelleneaus</Filter>
    </Image>
    <Image Include="res\ribbonfilelarge.png">
      <Filter>BCG\miscelleneaus</Filter>
    </Image>
    <Image Include="res\Toolbar.bmp">
      <Filter>BCG\miscelleneaus</Filter>
    </Image>
    <Image Include="res\Workspace.png">
      <Filter>BCG\miscelleneaus</Filter>
    </Image>
    <Image Include="res\Git_05.ico">
      <Filter>MFC\miscellenaous</Filter>
    </Image>
    <Image Include="res\Git_05Doc.ico">
      <Filter>MFC\miscellenaous</Filter>
    </Image>
    <Image Include="res\BCGSoft_ribbon\main.png">
      <Filter>MFC\miscellenaous</Filter>
    </Image>
    <Image Include="arrow.png">
      <Filter>Git_05\resources</Filter>
    </Image>
    <Image Include="res\images_n.bmp">
      <Filter>Git_05\resources</Filter>
    </Image>
    <Image Include="res\cat.ico">
      <Filter>Git_05\resources</Filter>
    </Image>
    <Image Include="res\cat-small.ico">
      <Filter>Git_05\resources</Filter>
    </Image>
    <Image Include="res\dog.ico">
      <Filter>Git_05\resources</Filter>
    </Image>
    <Image Include="res\dog-small.ico">
      <Filter>Git_05\resources</Filter>
    </Image>
    <Image Include="res\elephant.ico">
      <Filter>Git_05\resources</Filter>
    </Image>
    <Image Include="res\elephant-small.ico">
      <Filter>Git_05\resources</Filter>
    </Image>
    <Image Include="res\icon1.ico">
      <Filter>Git_05\resources</Filter>
    </Image>
    <Image Include="Artwork\arrow.png">
      <Filter>Git_05\resources</Filter>
    </Image>
    <Image Include="Artwork\commit.png">
      <Filter>Git_05\resources</Filter>
    </Image>
    <Image Include="Artwork\Head.png">
      <Filter>Git_05\resources</Filter>
    </Image>
    <Image Include="Artwork\tail.png">
      <Filter>Git_05\resources</Filter>
    </Image>
    <Image Include="res\Background1.png" />
  </ItemGroup>
  <ItemGroup>
    <None Include="res\BCGSoft_ribbon\Git_05.ribbon.rc2">
      <Filter>BCG\miscelleneaus</Filter>
    </None>
    <None Include="res\ribbon1.mfcribbon-ms">
      <Filter>BCG\miscelleneaus</Filter>
    </None>
    <None Include="res\ribbon2.mfcribbon-ms">
      <Filter>BCG\miscelleneaus</Filter>
    </None>
    <None Include="res\Git_05.rc2">
      <Filter>MFC\miscellenaous</Filter>
    </None>
    <None Include="Git_05.reg">
      <Filter>MFC\miscellenaous</Filter>
    </None>
  </ItemGroup>
  <ItemGroup>
    <Text Include="ReadMe.txt">
      <Filter>MFC\miscellenaous</Filter>
    </Text>
    <Text Include="KB.txt">
      <Filter>Git_05\miscellenaous</Filter>
    </Text>
    <Text Include="ToDo.txt">
      <Filter>Git_05\miscellenaous</Filter>
    </Text>
    <Text Include="ToDo_Repos_List.txt">
      <Filter>Git_05</Filter>
    </Text>
    <Text Include="ToDo_Git_05_App.txt" />
  </ItemGroup>
  <ItemGroup>
    <Filter Include="BCG">
      <UniqueIdentifier>{f5dadad6-8c19-4dd1-bf67-8377e602281c}</UniqueIdentifier>
    </Filter>
    <Filter Include="BCG\hpp">
      <UniqueIdentifier>{c0d75f9b-bb99-41d1-bff6-7a2423dd05eb}</UniqueIdentifier>
    </Filter>
    <Filter Include="BCG\cpp">
      <UniqueIdentifier>{02b162bc-b418-422b-834c-058feb443a3e}</UniqueIdentifier>
    </Filter>
    <Filter Include="BCG\miscelleneaus">
      <UniqueIdentifier>{eca3c1db-df74-4463-81a7-c4b7bfc78e84}</UniqueIdentifier>
    </Filter>
    <Filter Include="MFC">
      <UniqueIdentifier>{2d683510-3560-4801-b4de-1b0250e7ddcd}</UniqueIdentifier>
    </Filter>
    <Filter Include="MFC\hpp">
      <UniqueIdentifier>{ad7fdd86-2ce9-4c55-af29-6985b6c93db8}</UniqueIdentifier>
    </Filter>
    <Filter Include="MFC\cpp">
      <UniqueIdentifier>{bd295148-6b86-4c4c-9cc3-b7e0fa402c53}</UniqueIdentifier>
    </Filter>
    <Filter Include="MFC\miscellenaous">
      <UniqueIdentifier>{d8638f26-d4b1-4604-9da0-b8d0d6e31724}</UniqueIdentifier>
    </Filter>
    <Filter Include="Git_05">
      <UniqueIdentifier>{511b6d6c-d127-4654-81ce-f61563581303}</UniqueIdentifier>
    </Filter>
    <Filter Include="Git_05\hpp">
      <UniqueIdentifier>{9d3c3f88-6e1d-4e74-8689-e6c316ccd414}</UniqueIdentifier>
    </Filter>
    <Filter Include="Git_05\cpp">
      <UniqueIdentifier>{a011fac2-c6cd-489e-906a-a08323a3a51b}</UniqueIdentifier>
    </Filter>
    <Filter Include="Git_05\miscellenaous">
      <UniqueIdentifier>{08db997d-525c-4ba5-8e7a-c56085df29c0}</UniqueIdentifier>
    </Filter>
    <Filter Include="Git_05\resources">
      <UniqueIdentifier>{7c3a0629-2259-4f34-a411-a5e175d23f8c}</UniqueIdentifier>
    </Filter>
  </ItemGroup>
  <ItemGroup>
    <ResourceCompile Include="Git_05.rc">
      <Filter>MFC\miscellenaous</Filter>
    </ResourceCompile>
  </ItemGroup>
</Project>